
Microsoft Visual Studio Solution File, Format Version 12.00
# Visual Studio Version 17
VisualStudioVersion = 17.9.34728.123
MinimumVisualStudioVersion = 10.0.40219.1
Project("{FAE04EC0-301F-11D3-BF4B-00C04F79EFBC}") = "GameSoftWA", "GameSoftWA\GameSoftWA.csproj", "{E9789E43-8631-4321-BC5E-75092C2068DE}"
EndProject
Project("{FAE04EC0-301F-11D3-BF4B-00C04F79EFBC}") = "GameSoftBO", "GameSoftBO\GameSoftBO.csproj", "{B347C148-1F92-40D4-9D5A-D3FF17CD204F}"
EndProject
Global
	GlobalSection(SolutionConfigurationPlatforms) = preSolution
		Debug|Any CPU = Debug|Any CPU
		Release|Any CPU = Release|Any CPU
	EndGlobalSection
	GlobalSection(ProjectConfigurationPlatforms) = postSolution
		{E9789E43-8631-4321-BC5E-75092C2068DE}.Debug|Any CPU.ActiveCfg = Debug|Any CPU
		{E9789E43-8631-4321-BC5E-75092C2068DE}.Debug|Any CPU.Build.0 = Debug|Any CPU
		{E9789E43-8631-4321-BC5E-75092C2068DE}.Release|Any CPU.ActiveCfg = Release|Any CPU
		{E9789E43-8631-4321-BC5E-75092C2068DE}.Release|Any CPU.Build.0 = Release|Any CPU
		{B347C148-1F92-40D4-9D5A-D3FF17CD204F}.Debug|Any CPU.ActiveCfg = Debug|Any CPU
		{B347C148-1F92-40D4-9D5A-D3FF17CD204F}.Debug|Any CPU.Build.0 = Debug|Any CPU
		{B347C148-1F92-40D4-9D5A-D3FF17CD204F}.Release|Any CPU.ActiveCfg = Release|Any CPU
		{B347C148-1F92-40D4-9D5A-D3FF17CD204F}.Release|Any CPU.Build.0 = Release|Any CPU
	EndGlobalSection
	GlobalSection(SolutionProperties) = preSolution
		HideSolutionNode = FALSE
	EndGlobalSection
	GlobalSection(ExtensibilityGlobals) = postSolution
		SolutionGuid = {92DFFFB7-CA14-4D8A-990F-F5FA391A2375}
	EndGlobalSection
EndGlobal
